
Microsoft Visual Studio Solution File, Format Version 12.00
# Visual Studio Version 17
VisualStudioVersion = 17.3.32922.545
MinimumVisualStudioVersion = 10.0.40219.1
Project("{FAE04EC0-301F-11D3-BF4B-00C04F79EFBC}") = "LordOfTheCards", "LordOfTheCards\LordOfTheCards.csproj", "{7A75E7A3-EA10-47A1-B7D0-F66271E2E934}"
EndProject
Global
	GlobalSection(SolutionConfigurationPlatforms) = preSolution
		Debug|Any CPU = Debug|Any CPU
		Release|Any CPU = Release|Any CPU
	EndGlobalSection
	GlobalSection(ProjectConfigurationPlatforms) = postSolution
		{7A75E7A3-EA10-47A1-B7D0-F66271E2E934}.Debug|Any CPU.ActiveCfg = Debug|Any CPU
		{7A75E7A3-EA10-47A1-B7D0-F66271E2E934}.Debug|Any CPU.Build.0 = Debug|Any CPU
		{7A75E7A3-EA10-47A1-B7D0-F66271E2E934}.Release|Any CPU.ActiveCfg = Release|Any CPU
		{7A75E7A3-EA10-47A1-B7D0-F66271E2E934}.Release|Any CPU.Build.0 = Release|Any CPU
	EndGlobalSection
	GlobalSection(SolutionProperties) = preSolution
		HideSolutionNode = FALSE
	EndGlobalSection
	GlobalSection(ExtensibilityGlobals) = postSolution
		SolutionGuid = {AB193080-9291-42AD-B0D6-FE03DDC3ED1E}
	EndGlobalSection
EndGlobal
